
Microsoft Visual Studio Solution File, Format Version 12.00
# Visual Studio 2012
Project("{FAE04EC0-301F-11D3-BF4B-00C04F79EFBC}") = "mySingleViewIos", "mySingleViewIos\mySingleViewIos.csproj", "{7F088305-DB0C-48F5-9871-3776AC931445}"
EndProject
Global
	GlobalSection(SolutionConfigurationPlatforms) = preSolution
		Debug|iPhoneSimulator = Debug|iPhoneSimulator
		Release|iPhone = Release|iPhone
		Release|iPhoneSimulator = Release|iPhoneSimulator
		Debug|iPhone = Debug|iPhone
	EndGlobalSection
	GlobalSection(ProjectConfigurationPlatforms) = postSolution
		{7F088305-DB0C-48F5-9871-3776AC931445}.Debug|iPhoneSimulator.ActiveCfg = Debug|iPhoneSimulator
		{7F088305-DB0C-48F5-9871-3776AC931445}.Debug|iPhoneSimulator.Build.0 = Debug|iPhoneSimulator
		{7F088305-DB0C-48F5-9871-3776AC931445}.Release|iPhone.ActiveCfg = Release|iPhone
		{7F088305-DB0C-48F5-9871-3776AC931445}.Release|iPhone.Build.0 = Release|iPhone
		{7F088305-DB0C-48F5-9871-3776AC931445}.Release|iPhoneSimulator.ActiveCfg = Release|iPhoneSimulator
		{7F088305-DB0C-48F5-9871-3776AC931445}.Release|iPhoneSimulator.Build.0 = Release|iPhoneSimulator
		{7F088305-DB0C-48F5-9871-3776AC931445}.Debug|iPhone.ActiveCfg = Debug|iPhone
		{7F088305-DB0C-48F5-9871-3776AC931445}.Debug|iPhone.Build.0 = Debug|iPhone
	EndGlobalSection
EndGlobal
